
Microsoft Visual Studio Solution File, Format Version 11.00
# Visual Web Developer Express 2010
Project("{FAE04EC0-301F-11D3-BF4B-00C04F79EFBC}") = "MvcApplication1", "MvcApplication1\MvcApplication1.csproj", "{DFB6620D-1E1F-4613-9263-25E9D069444A}"
EndProject
Global
	GlobalSection(SolutionConfigurationPlatforms) = preSolution
		Debug|Any CPU = Debug|Any CPU
		Release|Any CPU = Release|Any CPU
	EndGlobalSection
	GlobalSection(ProjectConfigurationPlatforms) = postSolution
		{DFB6620D-1E1F-4613-9263-25E9D069444A}.Debug|Any CPU.ActiveCfg = Debug|Any CPU
		{DFB6620D-1E1F-4613-9263-25E9D069444A}.Debug|Any CPU.Build.0 = Debug|Any CPU
		{DFB6620D-1E1F-4613-9263-25E9D069444A}.Release|Any CPU.ActiveCfg = Release|Any CPU
		{DFB6620D-1E1F-4613-9263-25E9D069444A}.Release|Any CPU.Build.0 = Release|Any CPU
	EndGlobalSection
	GlobalSection(SolutionProperties) = preSolution
		HideSolutionNode = FALSE
	EndGlobalSection
EndGlobal
